
Microsoft Visual Studio Solution File, Format Version 12.00
# Visual Studio Version 16
VisualStudioVersion = 16.0.29411.108
MinimumVisualStudioVersion = 10.0.40219.1
Project("{9A19103F-16F7-4668-BE54-9A1E7A4F7556}") = "GameShop.Web", "GameShop.Web\GameShop.Web.csproj", "{86B4F8F8-F13C-45E9-9841-6CC6EB865833}"
EndProject
Project("{FAE04EC0-301F-11D3-BF4B-00C04F79EFBC}") = "GameShop.Migrator", "GameShop.Migrator\GameShop.Migrator.csproj", "{99F46014-B02B-467E-A230-46B6D79F560F}"
EndProject
Project("{FAE04EC0-301F-11D3-BF4B-00C04F79EFBC}") = "GameShop.Core", "GameShop.Core\GameShop.Core.csproj", "{A3F73FB8-6323-4C2E-B293-F0063472F16E}"
EndProject
Global
	GlobalSection(SolutionConfigurationPlatforms) = preSolution
		Debug|Any CPU = Debug|Any CPU
		Release|Any CPU = Release|Any CPU
	EndGlobalSection
	GlobalSection(ProjectConfigurationPlatforms) = postSolution
		{86B4F8F8-F13C-45E9-9841-6CC6EB865833}.Debug|Any CPU.ActiveCfg = Debug|Any CPU
		{86B4F8F8-F13C-45E9-9841-6CC6EB865833}.Debug|Any CPU.Build.0 = Debug|Any CPU
		{86B4F8F8-F13C-45E9-9841-6CC6EB865833}.Release|Any CPU.ActiveCfg = Release|Any CPU
		{86B4F8F8-F13C-45E9-9841-6CC6EB865833}.Release|Any CPU.Build.0 = Release|Any CPU
		{99F46014-B02B-467E-A230-46B6D79F560F}.Debug|Any CPU.ActiveCfg = Debug|Any CPU
		{99F46014-B02B-467E-A230-46B6D79F560F}.Debug|Any CPU.Build.0 = Debug|Any CPU
		{99F46014-B02B-467E-A230-46B6D79F560F}.Release|Any CPU.ActiveCfg = Release|Any CPU
		{99F46014-B02B-467E-A230-46B6D79F560F}.Release|Any CPU.Build.0 = Release|Any CPU
		{A3F73FB8-6323-4C2E-B293-F0063472F16E}.Debug|Any CPU.ActiveCfg = Debug|Any CPU
		{A3F73FB8-6323-4C2E-B293-F0063472F16E}.Debug|Any CPU.Build.0 = Debug|Any CPU
		{A3F73FB8-6323-4C2E-B293-F0063472F16E}.Release|Any CPU.ActiveCfg = Release|Any CPU
		{A3F73FB8-6323-4C2E-B293-F0063472F16E}.Release|Any CPU.Build.0 = Release|Any CPU
	EndGlobalSection
	GlobalSection(SolutionProperties) = preSolution
		HideSolutionNode = FALSE
	EndGlobalSection
	GlobalSection(ExtensibilityGlobals) = postSolution
		SolutionGuid = {B158B12D-470C-446E-BC6C-52A83E23EDAA}
	EndGlobalSection
EndGlobal
